// !$*UTF8*$!
{
	archiveVersion = 1;
	classes = {
	};
	objectVersion = 50;
	objects = {

/* Begin PBXBuildFile section */
		08B53F1C213525EE00741C82 /* AppDelegate.swift in Sources */ = {isa = PBXBuildFile; fileRef = 08B53F1B213525EE00741C82 /* AppDelegate.swift */; };
		08B53F1E213525EE00741C82 /* ViewController.swift in Sources */ = {isa = PBXBuildFile; fileRef = 08B53F1D213525EE00741C82 /* ViewController.swift */; };
		08B53F21213525EE00741C82 /* Main.storyboard in Resources */ = {isa = PBXBuildFile; fileRef = 08B53F1F213525EE00741C82 /* Main.storyboard */; };
		08B53F23213525F000741C82 /* Assets.xcassets in Resources */ = {isa = PBXBuildFile; fileRef = 08B53F22213525F000741C82 /* Assets.xcassets */; };
		08B53F26213525F000741C82 /* LaunchScreen.storyboard in Resources */ = {isa = PBXBuildFile; fileRef = 08B53F24213525F000741C82 /* LaunchScreen.storyboard */; };
		08B53F31213525F000741C82 /* LYRingChartViewDemoTests.swift in Sources */ = {isa = PBXBuildFile; fileRef = 08B53F30213525F000741C82 /* LYRingChartViewDemoTests.swift */; };
		08B53F3C213525F000741C82 /* LYRingChartViewDemoUITests.swift in Sources */ = {isa = PBXBuildFile; fileRef = 08B53F3B213525F000741C82 /* LYRingChartViewDemoUITests.swift */; };
		08B53F4A2135260100741C82 /* TDRingChartView.swift in Sources */ = {isa = PBXBuildFile; fileRef = 08B53F492135260100741C82 /* TDRingChartView.swift */; };
/* End PBXBuildFile section */

/* Begin PBXContainerItemProxy section */
		08B53F2D213525F000741C82 /* PBXContainerItemProxy */ = {
			isa = PBXContainerItemProxy;
			containerPortal = 08B53F10213525EE00741C82 /* Project object */;
			proxyType = 1;
			remoteGlobalIDString = 08B53F17213525EE00741C82;
			remoteInfo = LYRingChartViewDemo;
		};
		08B53F38213525F000741C82 /* PBXContainerItemProxy */ = {
			isa = PBXContainerItemProxy;
			containerPortal = 08B53F10213525EE00741C82 /* Project object */;
			proxyType = 1;
			remoteGlobalIDString = 08B53F17213525EE00741C82;
			remoteInfo = LYRingChartViewDemo;
		};
/* End PBXContainerItemProxy section */

/* Begin PBXFileReference section */
		08B53F18213525EE00741C82 /* LYRingChartViewDemo.app */ = {isa = PBXFileReference; explicitFileType = wrapper.application; includeInIndex = 0; path = LYRingChartViewDemo.app; sourceTree = BUILT_PRODUCTS_DIR; };
		08B53F1B213525EE00741C82 /* AppDelegate.swift */ = {isa = PBXFileReference; lastKnownFileType = sourcecode.swift; path = AppDelegate.swift; sourceTree = "<group>"; };
		08B53F1D213525EE00741C82 /* ViewController.swift */ = {isa = PBXFileReference; lastKnownFileType = sourcecode.swift; path = ViewController.swift; sourceTree = "<group>"; };
		08B53F20213525EE00741C82 /* Base */ = {isa = PBXFileReference; lastKnownFileType = file.storyboard; name = Base; path = Base.lproj/Main.storyboard; sourceTree = "<group>"; };
		08B53F22213525F000741C82 /* Assets.xcassets */ = {isa = PBXFileReference; lastKnownFileType = folder.assetcatalog; path = Assets.xcassets; sourceTree = "<group>"; };
		08B53F25213525F000741C82 /* Base */ = {isa = PBXFileReference; lastKnownFileType = file.storyboard; name = Base; path = Base.lproj/LaunchScreen.storyboard; sourceTree = "<group>"; };
		08B53F27213525F000741C82 /* Info.plist */ = {isa = PBXFileReference; lastKnownFileType = text.plist.xml; path = Info.plist; sourceTree = "<group>"; };
		08B53F2C213525F000741C82 /* LYRingChartViewDemoTests.xctest */ = {isa = PBXFileReference; explicitFileType = wrapper.cfbundle; includeInIndex = 0; path = LYRingChartViewDemoTests.xctest; sourceTree = BUILT_PRODUCTS_DIR; };
		08B53F30213525F000741C82 /* LYRingChartViewDemoTests.swift */ = {isa = PBXFileReference; lastKnownFileType = sourcecode.swift; path = LYRingChartViewDemoTests.swift; sourceTree = "<group>"; };
		08B53F32213525F000741C82 /* Info.plist */ = {isa = PBXFileReference; lastKnownFileType = text.plist.xml; path = Info.plist; sourceTree = "<group>"; };
		08B53F37213525F000741C82 /* LYRingChartViewDemoUITests.xctest */ = {isa = PBXFileReference; explicitFileType = wrapper.cfbundle; includeInIndex = 0; path = LYRingChartViewDemoUITests.xctest; sourceTree = BUILT_PRODUCTS_DIR; };
		08B53F3B213525F000741C82 /* LYRingChartViewDemoUITests.swift */ = {isa = PBXFileReference; lastKnownFileType = sourcecode.swift; path = LYRingChartViewDemoUITests.swift; sourceTree = "<group>"; };
		08B53F3D213525F000741C82 /* Info.plist */ = {isa = PBXFileReference; lastKnownFileType = text.plist.xml; path = Info.plist; sourceTree = "<group>"; };
		08B53F492135260100741C82 /* TDRingChartView.swift */ = {isa = PBXFileReference; fileEncoding = 4; lastKnownFileType = sourcecode.swift; path = TDRingChartView.swift; sourceTree = "<group>"; };
/* End PBXFileReference section */

/* Begin PBXFrameworksBuildPhase section */
		08B53F15213525EE00741C82 /* Frameworks */ = {
			isa = PBXFrameworksBuildPhase;
			buildActionMask = 2147483647;
			files = (
			);
			runOnlyForDeploymentPostprocessing = 0;
		};
		08B53F29213525F000741C82 /* Frameworks */ = {
			isa = PBXFrameworksBuildPhase;
			buildActionMask = 2147483647;
			files = (
			);
			runOnlyForDeploymentPostprocessing = 0;
		};
		08B53F34213525F000741C82 /* Frameworks */ = {
			isa = PBXFrameworksBuildPhase;
			buildActionMask = 2147483647;
			files = (
			);
			runOnlyForDeploymentPostprocessing = 0;
		};
/* End PBXFrameworksBuildPhase section */

/* Begin PBXGroup section */
		08B53F0F213525EE00741C82 = {
			isa = PBXGroup;
			children = (
				08B53F1A213525EE00741C82 /* LYRingChartViewDemo */,
				08B53F2F213525F000741C82 /* LYRingChartViewDemoTests */,
				08B53F3A213525F000741C82 /* LYRingChartViewDemoUITests */,
				08B53F19213525EE00741C82 /* Products */,
			);
			sourceTree = "<group>";
		};
		08B53F19213525EE00741C82 /* Products */ = {
			isa = PBXGroup;
			children = (
				08B53F18213525EE00741C82 /* LYRingChartViewDemo.app */,
				08B53F2C213525F000741C82 /* LYRingChartViewDemoTests.xctest */,
				08B53F37213525F000741C82 /* LYRingChartViewDemoUITests.xctest */,
			);
			name = Products;
			sourceTree = "<group>";
		};
		08B53F1A213525EE00741C82 /* LYRingChartViewDemo */ = {
			isa = PBXGroup;
			children = (
				08B53F492135260100741C82 /* TDRingChartView.swift */,
				08B53F1B213525EE00741C82 /* AppDelegate.swift */,
				08B53F1D213525EE00741C82 /* ViewController.swift */,
				08B53F1F213525EE00741C82 /* Main.storyboard */,
				08B53F22213525F000741C82 /* Assets.xcassets */,
				08B53F24213525F000741C82 /* LaunchScreen.storyboard */,
				08B53F27213525F000741C82 /* Info.plist */,
			);
			path = LYRingChartViewDemo;
			sourceTree = "<group>";
		};
		08B53F2F213525F000741C82 /* LYRingChartViewDemoTests */ = {
			isa = PBXGroup;
			children = (
				08B53F30213525F000741C82 /* LYRingChartViewDemoTests.swift */,
				08B53F32213525F000741C82 /* Info.plist */,
			);
			path = LYRingChartViewDemoTests;
			sourceTree = "<group>";
		};
		08B53F3A213525F000741C82 /* LYRingChartViewDemoUITests */ = {
			isa = PBXGroup;
			children = (
				08B53F3B213525F000741C82 /* LYRingChartViewDemoUITests.swift */,
				08B53F3D213525F000741C82 /* Info.plist */,
			);
			path = LYRingChartViewDemoUITests;
			sourceTree = "<group>";
		};
/* End PBXGroup section */

/* Begin PBXNativeTarget section */
		08B53F17213525EE00741C82 /* LYRingChartViewDemo */ = {
			isa = PBXNativeTarget;
			buildConfigurationList = 08B53F40213525F000741C82 /* Build configuration list for PBXNativeTarget "LYRingChartViewDemo" */;
			buildPhases = (
				08B53F14213525EE00741C82 /* Sources */,
				08B53F15213525EE00741C82 /* Frameworks */,
				08B53F16213525EE00741C82 /* Resources */,
			);
			buildRules = (
			);
			dependencies = (
			);
			name = LYRingChartViewDemo;
			productName = LYRingChartViewDemo;
			productReference = 08B53F18213525EE00741C82 /* LYRingChartViewDemo.app */;
			productType = "com.apple.product-type.application";
		};
		08B53F2B213525F000741C82 /* LYRingChartViewDemoTests */ = {
			isa = PBXNativeTarget;
			buildConfigurationList = 08B53F43213525F000741C82 /* Build configuration list for PBXNativeTarget "LYRingChartViewDemoTests" */;
			buildPhases = (
				08B53F28213525F000741C82 /* Sources */,
				08B53F29213525F000741C82 /* Frameworks */,
				08B53F2A213525F000741C82 /* Resources */,
			);
			buildRules = (
			);
			dependencies = (
				08B53F2E213525F000741C82 /* PBXTargetDependency */,
			);
			name = LYRingChartViewDemoTests;
			productName = LYRingChartViewDemoTests;
			productReference = 08B53F2C213525F000741C82 /* LYRingChartViewDemoTests.xctest */;
			productType = "com.apple.product-type.bundle.unit-test";
		};
		08B53F36213525F000741C82 /* LYRingChartViewDemoUITests */ = {
			isa = PBXNativeTarget;
			buildConfigurationList = 08B53F46213525F000741C82 /* Build configuration list for PBXNativeTarget "LYRingChartViewDemoUITests" */;
			buildPhases = (
				08B53F33213525F000741C82 /* Sources */,
				08B53F34213525F000741C82 /* Frameworks */,
				08B53F35213525F000741C82 /* Resources */,
			);
			buildRules = (
			);
			dependencies = (
				08B53F39213525F000741C82 /* PBXTargetDependency */,
			);
			name = LYRingChartViewDemoUITests;
			productName = LYRingChartViewDemoUITests;
			productReference = 08B53F37213525F000741C82 /* LYRingChartViewDemoUITests.xctest */;
			productType = "com.apple.product-type.bundle.ui-testing";
		};
/* End PBXNativeTarget section */

/* Begin PBXProject section */
		08B53F10213525EE00741C82 /* Project object */ = {
			isa = PBXProject;
			attributes = {
				LastSwiftUpdateCheck = 0940;
				LastUpgradeCheck = 0940;
				ORGANIZATIONNAME = ly;
				TargetAttributes = {
					08B53F17213525EE00741C82 = {
						CreatedOnToolsVersion = 9.4.1;
					};
					08B53F2B213525F000741C82 = {
						CreatedOnToolsVersion = 9.4.1;
						TestTargetID = 08B53F17213525EE00741C82;
					};
					08B53F36213525F000741C82 = {
						CreatedOnToolsVersion = 9.4.1;
						TestTargetID = 08B53F17213525EE00741C82;
					};
				};
			};
			buildConfigurationList = 08B53F13213525EE00741C82 /* Build configuration list for PBXProject "LYRingChartViewDemo" */;
			compatibilityVersion = "Xcode 9.3";
			developmentRegion = en;
			hasScannedForEncodings = 0;
			knownRegions = (
				en,
				Base,
			);
			mainGroup = 08B53F0F213525EE00741C82;
			productRefGroup = 08B53F19213525EE00741C82 /* Products */;
			projectDirPath = "";
			projectRoot = "";
			targets = (
				08B53F17213525EE00741C82 /* LYRingChartViewDemo */,
				08B53F2B213525F000741C82 /* LYRingChartViewDemoTests */,
				08B53F36213525F000741C82 /* LYRingChartViewDemoUITests */,
			);
		};
/* End PBXProject section */

/* Begin PBXResourcesBuildPhase section */
		08B53F16213525EE00741C82 /* Resources */ = {
			isa = PBXResourcesBuildPhase;
			buildActionMask = 2147483647;
			files = (
				08B53F26213525F000741C82 /* LaunchScreen.storyboard in Resources */,
				08B53F23213525F000741C82 /* Assets.xcassets in Resources */,
				08B53F21213525EE00741C82 /* Main.storyboard in Resources */,
			);
			runOnlyForDeploymentPostprocessing = 0;
		};
		08B53F2A213525F000741C82 /* Resources */ = {
			isa = PBXResourcesBuildPhase;
			buildActionMask = 2147483647;
			files = (
			);
			runOnlyForDeploymentPostprocessing = 0;
		};
		08B53F35213525F000741C82 /* Resources */ = {
			isa = PBXResourcesBuildPhase;
			buildActionMask = 2147483647;
			files = (
			);
			runOnlyForDeploymentPostprocessing = 0;
		};
/* End PBXResourcesBuildPhase section */

/* Begin PBXSourcesBuildPhase section */
		08B53F14213525EE00741C82 /* Sources */ = {
			isa = PBXSourcesBuildPhase;
			buildActionMask = 2147483647;
			files = (
				08B53F1E213525EE00741C82 /* ViewController.swift in Sources */,
				08B53F1C213525EE00741C82 /* AppDelegate.swift in Sources */,
				08B53F4A2135260100741C82 /* TDRingChartView.swift in Sources */,
			);
			runOnlyForDeploymentPostprocessing = 0;
		};
		08B53F28213525F000741C82 /* Sources */ = {
			isa = PBXSourcesBuildPhase;
			buildActionMask = 2147483647;
			files = (
				08B53F31213525F000741C82 /* LYRingChartViewDemoTests.swift in Sources */,
			);
			runOnlyForDeploymentPostprocessing = 0;
		};
		08B53F33213525F000741C82 /* Sources */ = {
			isa = PBXSourcesBuildPhase;
			buildActionMask = 2147483647;
			files = (
				08B53F3C213525F000741C82 /* LYRingChartViewDemoUITests.swift in Sources */,
			);
			runOnlyForDeploymentPostprocessing = 0;
		};
/* End PBXSourcesBuildPhase section */

/* Begin PBXTargetDependency section */
		08B53F2E213525F000741C82 /* PBXTargetDependency */ = {
			isa = PBXTargetDependency;
			target = 08B53F17213525EE00741C82 /* LYRingChartViewDemo */;
			targetProxy = 08B53F2D213525F000741C82 /* PBXContainerItemProxy */;
		};
		08B53F39213525F000741C82 /* PBXTargetDependency */ = {
			isa = PBXTargetDependency;
			target = 08B53F17213525EE00741C82 /* LYRingChartViewDemo */;
			targetProxy = 08B53F38213525F000741C82 /* PBXContainerItemProxy */;
		};
/* End PBXTargetDependency section */

/* Begin PBXVariantGroup section */
		08B53F1F213525EE00741C82 /* Main.storyboard */ = {
			isa = PBXVariantGroup;
			children = (
				08B53F20213525EE00741C82 /* Base */,
			);
			name = Main.storyboard;
			sourceTree = "<group>";
		};
		08B53F24213525F000741C82 /* LaunchScreen.storyboard */ = {
			isa = PBXVariantGroup;
			children = (
				08B53F25213525F000741C82 /* Base */,
			);
			name = LaunchScreen.storyboard;
			sourceTree = "<group>";
		};
/* End PBXVariantGroup section */

/* Begin XCBuildConfiguration section */
		08B53F3E213525F000741C82 /* Debug */ = {
			isa = XCBuildConfiguration;
			buildSettings = {
				ALWAYS_SEARCH_USER_PATHS = NO;
				CLANG_ANALYZER_NONNULL = YES;
				CLANG_ANALYZER_NUMBER_OBJECT_CONVERSION = YES_AGGRESSIVE;
				CLANG_CXX_LANGUAGE_STANDARD = "gnu++14";
				CLANG_CXX_LIBRARY = "libc++";
				CLANG_ENABLE_MODULES = YES;
				CLANG_ENABLE_OBJC_ARC = YES;
				CLANG_ENABLE_OBJC_WEAK = YES;
				CLANG_WARN_BLOCK_CAPTURE_AUTORELEASING = YES;
				CLANG_WARN_BOOL_CONVERSION = YES;
				CLANG_WARN_COMMA = YES;
				CLANG_WARN_CONSTANT_CONVERSION = YES;
				CLANG_WARN_DEPRECATED_OBJC_IMPLEMENTATIONS = YES;
				CLANG_WARN_DIRECT_OBJC_ISA_USAGE = YES_ERROR;
				CLANG_WARN_DOCUMENTATION_COMMENTS = YES;
				CLANG_WARN_EMPTY_BODY = YES;
				CLANG_WARN_ENUM_CONVERSION = YES;
				CLANG_WARN_INFINITE_RECURSION = YES;
				CLANG_WARN_INT_CONVERSION = YES;
				CLANG_WARN_NON_LITERAL_NULL_CONVERSION = YES;
				CLANG_WARN_OBJC_IMPLICIT_RETAIN_SELF = YES;
				CLANG_WARN_OBJC_LITERAL_CONVERSION = YES;
				CLANG_WARN_OBJC_ROOT_CLASS = YES_ERROR;
				CLANG_WARN_RANGE_LOOP_ANALYSIS = YES;
				CLANG_WARN_STRICT_PROTOTYPES = YES;
				CLANG_WARN_SUSPICIOUS_MOVE = YES;
				CLANG_WARN_UNGUARDED_AVAILABILITY = YES_AGGRESSIVE;
				CLANG_WARN_UNREACHABLE_CODE = YES;
				CLANG_WARN__DUPLICATE_METHOD_MATCH = YES;
				CODE_SIGN_IDENTITY = "iPhone Developer";
				COPY_PHASE_STRIP = NO;
				DEBUG_INFORMATION_FORMAT = dwarf;
				ENABLE_STRICT_OBJC_MSGSEND = YES;
				ENABLE_TESTABILITY = YES;
				GCC_C_LANGUAGE_STANDARD = gnu11;
				GCC_DYNAMIC_NO_PIC = NO;
				GCC_NO_COMMON_BLOCKS = YES;
				GCC_OPTIMIZATION_LEVEL = 0;
				GCC_PREPROCESSOR_DEFINITIONS = (
					"DEBUG=1",
					"$(inherited)",
				);
				GCC_WARN_64_TO_32_BIT_CONVERSION = YES;
				GCC_WARN_ABOUT_RETURN_TYPE = YES_ERROR;
				GCC_WARN_UNDECLARED_SELECTOR = YES;
				GCC_WARN_UNINITIALIZED_AUTOS = YES_AGGRESSIVE;
				GCC_WARN_UNUSED_FUNCTION = YES;
				GCC_WARN_UNUSED_VARIABLE = YES;
				IPHONEOS_DEPLOYMENT_TARGET = 11.4;
				MTL_ENABLE_DEBUG_INFO = YES;
				ONLY_ACTIVE_ARCH = YES;
				SDKROOT = iphoneos;
				SWIFT_ACTIVE_COMPILATION_CONDITIONS = DEBUG;
				SWIFT_OPTIMIZATION_LEVEL = "-Onone";
			};
			name = Debug;
		};
		08B53F3F213525F000741C82 /* Release */ = {
			isa = XCBuildConfiguration;
			buildSettings = {
				ALWAYS_SEARCH_USER_PATHS = NO;
				CLANG_ANALYZER_NONNULL = YES;
				CLANG_ANALYZER_NUMBER_OBJECT_CONVERSION = YES_AGGRESSIVE;
				CLANG_CXX_LANGUAGE_STANDARD = "gnu++14";
				CLANG_CXX_LIBRARY = "libc++";
				CLANG_ENABLE_MODULES = YES;
				CLANG_ENABLE_OBJC_ARC = YES;
				CLANG_ENABLE_OBJC_WEAK = YES;
				CLANG_WARN_BLOCK_CAPTURE_AUTORELEASING = YES;
				CLANG_WARN_BOOL_CONVERSION = YES;
				CLANG_WARN_COMMA = YES;
				CLANG_WARN_CONSTANT_CONVERSION = YES;
				CLANG_WARN_DEPRECATED_OBJC_IMPLEMENTATIONS = YES;
				CLANG_WARN_DIRECT_OBJC_ISA_USAGE = YES_ERROR;
				CLANG_WARN_DOCUMENTATION_COMMENTS = YES;
				CLANG_WARN_EMPTY_BODY = YES;
				CLANG_WARN_ENUM_CONVERSION = YES;
				CLANG_WARN_INFINITE_RECURSION = YES;
				CLANG_WARN_INT_CONVERSION = YES;
				CLANG_WARN_NON_LITERAL_NULL_CONVERSION = YES;
				CLANG_WARN_OBJC_IMPLICIT_RETAIN_SELF = YES;
				CLANG_WARN_OBJC_LITERAL_CONVERSION = YES;
				CLANG_WARN_OBJC_ROOT_CLASS = YES_ERROR;
				CLANG_WARN_RANGE_LOOP_ANALYSIS = YES;
				CLANG_WARN_STRICT_PROTOTYPES = YES;
				CLANG_WARN_SUSPICIOUS_MOVE = YES;
				CLANG_WARN_UNGUARDED_AVAILABILITY = YES_AGGRESSIVE;
				CLANG_WARN_UNREACHABLE_CODE = YES;
				CLANG_WARN__DUPLICATE_METHOD_MATCH = YES;
				CODE_SIGN_IDENTITY = "iPhone Developer";
				COPY_PHASE_STRIP = NO;
				DEBUG_INFORMATION_FORMAT = "dwarf-with-dsym";
				ENABLE_NS_ASSERTIONS = NO;
				ENABLE_STRICT_OBJC_MSGSEND = YES;
				GCC_C_LANGUAGE_STANDARD = gnu11;
				GCC_NO_COMMON_BLOCKS = YES;
				GCC_WARN_64_TO_32_BIT_CONVERSION = YES;
				GCC_WARN_ABOUT_RETURN_TYPE = YES_ERROR;
				GCC_WARN_UNDECLARED_SELECTOR = YES;
				GCC_WARN_UNINITIALIZED_AUTOS = YES_AGGRESSIVE;
				GCC_WARN_UNUSED_FUNCTION = YES;
				GCC_WARN_UNUSED_VARIABLE = YES;
				IPHONEOS_DEPLOYMENT_TARGET = 11.4;
				MTL_ENABLE_DEBUG_INFO = NO;
				SDKROOT = iphoneos;
				SWIFT_COMPILATION_MODE = wholemodule;
				SWIFT_OPTIMIZATION_LEVEL = "-O";
				VALIDATE_PRODUCT = YES;
			};
			name = Release;
		};
		08B53F41213525F000741C82 /* Debug */ = {
			isa = XCBuildConfiguration;
			buildSettings = {
				ASSETCATALOG_COMPILER_APPICON_NAME = AppIcon;
				CODE_SIGN_STYLE = Automatic;
				DEVELOPMENT_TEAM = 59VAR55L55;
				INFOPLIST_FILE = LYRingChartViewDemo/Info.plist;
				LD_RUNPATH_SEARCH_PATHS = (
					"$(inherited)",
					"@executable_path/Frameworks",
				);
				PRODUCT_BUNDLE_IDENTIFIER = ly.LYRingChartViewDemo;
				PRODUCT_NAME = "$(TARGET_NAME)";
				SWIFT_VERSION = 4.0;
				TARGETED_DEVICE_FAMILY = "1,2";
			};
			name = Debug;
		};
		08B53F42213525F000741C82 /* Release */ = {
			isa = XCBuildConfiguration;
			buildSettings = {
				ASSETCATALOG_COMPILER_APPICON_NAME = AppIcon;
				CODE_SIGN_STYLE = Automatic;
				DEVELOPMENT_TEAM = 59VAR55L55;
				INFOPLIST_FILE = LYRingChartViewDemo/Info.plist;
				LD_RUNPATH_SEARCH_PATHS = (
					"$(inherited)",
					"@executable_path/Frameworks",
				);
				PRODUCT_BUNDLE_IDENTIFIER = ly.LYRingChartViewDemo;
				PRODUCT_NAME = "$(TARGET_NAME)";
				SWIFT_VERSION = 4.0;
				TARGETED_DEVICE_FAMILY = "1,2";
			};
			name = Release;
		};
		08B53F44213525F000741C82 /* Debug */ = {
			isa = XCBuildConfiguration;
			buildSettings = {
				ALWAYS_EMBED_SWIFT_STANDARD_LIBRARIES = YES;
				BUNDLE_LOADER = "$(TEST_HOST)";
				CODE_SIGN_STYLE = Automatic;
				DEVELOPMENT_TEAM = 59VAR55L55;
				INFOPLIST_FILE = LYRingChartViewDemoTests/Info.plist;
				LD_RUNPATH_SEARCH_PATHS = (
					"$(inherited)",
					"@executable_path/Frameworks",
					"@loader_path/Frameworks",
				);
				PRODUCT_BUNDLE_IDENTIFIER = ly.LYRingChartViewDemoTests;
				PRODUCT_NAME = "$(TARGET_NAME)";
				SWIFT_VERSION = 4.0;
				TARGETED_DEVICE_FAMILY = "1,2";
				TEST_HOST = "$(BUILT_PRODUCTS_DIR)/LYRingChartViewDemo.app/LYRingChartViewDemo";
			};
			name = Debug;
		};
		08B53F45213525F000741C82 /* Release */ = {
			isa = XCBuildConfiguration;
			buildSettings = {
				ALWAYS_EMBED_SWIFT_STANDARD_LIBRARIES = YES;
				BUNDLE_LOADER = "$(TEST_HOST)";
				CODE_SIGN_STYLE = Automatic;
				DEVELOPMENT_TEAM = 59VAR55L55;
				INFOPLIST_FILE = LYRingChartViewDemoTests/Info.plist;
				LD_RUNPATH_SEARCH_PATHS = (
					"$(inherited)",
					"@executable_path/Frameworks",
					"@loader_path/Frameworks",
				);
				PRODUCT_BUNDLE_IDENTIFIER = ly.LYRingChartViewDemoTests;
				PRODUCT_NAME = "$(TARGET_NAME)";
				SWIFT_VERSION = 4.0;
				TARGETED_DEVICE_FAMILY = "1,2";
				TEST_HOST = "$(BUILT_PRODUCTS_DIR)/LYRingChartViewDemo.app/LYRingChartViewDemo";
			};
			name = Release;
		};
		08B53F47213525F000741C82 /* Debug */ = {
			isa = XCBuildConfiguration;
			buildSettings = {
				ALWAYS_EMBED_SWIFT_STANDARD_LIBRARIES = YES;
				CODE_SIGN_STYLE = Automatic;
				DEVELOPMENT_TEAM = 59VAR55L55;
				INFOPLIST_FILE = LYRingChartViewDemoUITests/Info.plist;
				LD_RUNPATH_SEARCH_PATHS = (
					"$(inherited)",
					"@executable_path/Frameworks",
					"@loader_path/Frameworks",
				);
				PRODUCT_BUNDLE_IDENTIFIER = ly.LYRingChartViewDemoUITests;
				PRODUCT_NAME = "$(TARGET_NAME)";
				SWIFT_VERSION = 4.0;
				TARGETED_DEVICE_FAMILY = "1,2";
				TEST_TARGET_NAME = LYRingChartViewDemo;
			};
			name = Debug;
		};
		08B53F48213525F000741C82 /* Release */ = {
			isa = XCBuildConfiguration;
			buildSettings = {
				ALWAYS_EMBED_SWIFT_STANDARD_LIBRARIES = YES;
				CODE_SIGN_STYLE = Automatic;
				DEVELOPMENT_TEAM = 59VAR55L55;
				INFOPLIST_FILE = LYRingChartViewDemoUITests/Info.plist;
				LD_RUNPATH_SEARCH_PATHS = (
					"$(inherited)",
					"@executable_path/Frameworks",
					"@loader_path/Frameworks",
				);
				PRODUCT_BUNDLE_IDENTIFIER = ly.LYRingChartViewDemoUITests;
				PRODUCT_NAME = "$(TARGET_NAME)";
				SWIFT_VERSION = 4.0;
				TARGETED_DEVICE_FAMILY = "1,2";
				TEST_TARGET_NAME = LYRingChartViewDemo;
			};
			name = Release;
		};
/* End XCBuildConfiguration section */

/* Begin XCConfigurationList section */
		08B53F13213525EE00741C82 /* Build configuration list for PBXProject "LYRingChartViewDemo" */ = {
			isa = XCConfigurationList;
			buildConfigurations = (
				08B53F3E213525F000741C82 /* Debug */,
				08B53F3F213525F000741C82 /* Release */,
			);
			defaultConfigurationIsVisible = 0;
			defaultConfigurationName = Release;
		};
		08B53F40213525F000741C82 /* Build configuration list for PBXNativeTarget "LYRingChartViewDemo" */ = {
			isa = XCConfigurationList;
			buildConfigurations = (
				08B53F41213525F000741C82 /* Debug */,
				08B53F42213525F000741C82 /* Release */,
			);
			defaultConfigurationIsVisible = 0;
			defaultConfigurationName = Release;
		};
		08B53F43213525F000741C82 /* Build configuration list for PBXNativeTarget "LYRingChartViewDemoTests" */ = {
			isa = XCConfigurationList;
			buildConfigurations = (
				08B53F44213525F000741C82 /* Debug */,
				08B53F45213525F000741C82 /* Release */,
			);
			defaultConfigurationIsVisible = 0;
			defaultConfigurationName = Release;
		};
		08B53F46213525F000741C82 /* Build configuration list for PBXNativeTarget "LYRingChartViewDemoUITests" */ = {
			isa = XCConfigurationList;
			buildConfigurations = (
				08B53F47213525F000741C82 /* Debug */,
				08B53F48213525F000741C82 /* Release */,
			);
			defaultConfigurationIsVisible = 0;
			defaultConfigurationName = Release;
		};
/* End XCConfigurationList section */
	};
	rootObject = 08B53F10213525EE00741C82 /* Project object */;
}
